
Microsoft Visual Studio Solution File, Format Version 12.00
# Visual Studio Version 17
VisualStudioVersion = 17.9.34723.18
MinimumVisualStudioVersion = 10.0.40219.1
Project("{FAE04EC0-301F-11D3-BF4B-00C04F79EFBC}") = "Taskmaster.Server", "Taskmaster.Server\Taskmaster.Server.csproj", "{9A4A1EBA-5723-4796-B426-F375BE9CAFDB}"
EndProject
Project("{54A90642-561A-4BB1-A94E-469ADEE60C69}") = "taskmaster.client", "taskmaster.client\taskmaster.client.esproj", "{2B7E43FB-7C2B-44D1-BF86-70873FA12508}"
EndProject
Global
	GlobalSection(SolutionConfigurationPlatforms) = preSolution
		Debug|Any CPU = Debug|Any CPU
		Release|Any CPU = Release|Any CPU
	EndGlobalSection
	GlobalSection(ProjectConfigurationPlatforms) = postSolution
		{9A4A1EBA-5723-4796-B426-F375BE9CAFDB}.Debug|Any CPU.ActiveCfg = Debug|Any CPU
		{9A4A1EBA-5723-4796-B426-F375BE9CAFDB}.Debug|Any CPU.Build.0 = Debug|Any CPU
		{9A4A1EBA-5723-4796-B426-F375BE9CAFDB}.Release|Any CPU.ActiveCfg = Release|Any CPU
		{9A4A1EBA-5723-4796-B426-F375BE9CAFDB}.Release|Any CPU.Build.0 = Release|Any CPU
		{2B7E43FB-7C2B-44D1-BF86-70873FA12508}.Debug|Any CPU.ActiveCfg = Debug|Any CPU
		{2B7E43FB-7C2B-44D1-BF86-70873FA12508}.Debug|Any CPU.Build.0 = Debug|Any CPU
		{2B7E43FB-7C2B-44D1-BF86-70873FA12508}.Debug|Any CPU.Deploy.0 = Debug|Any CPU
		{2B7E43FB-7C2B-44D1-BF86-70873FA12508}.Release|Any CPU.ActiveCfg = Release|Any CPU
		{2B7E43FB-7C2B-44D1-BF86-70873FA12508}.Release|Any CPU.Build.0 = Release|Any CPU
		{2B7E43FB-7C2B-44D1-BF86-70873FA12508}.Release|Any CPU.Deploy.0 = Release|Any CPU
	EndGlobalSection
	GlobalSection(SolutionProperties) = preSolution
		HideSolutionNode = FALSE
	EndGlobalSection
	GlobalSection(ExtensibilityGlobals) = postSolution
		SolutionGuid = {E70F2323-64D1-4D17-81F8-AA09907897B1}
	EndGlobalSection
EndGlobal
